// !$*UTF8*$!
{
	archiveVersion = 1;
	classes = {
	};
	objectVersion = 46;
	objects = {

/* Begin PBXBuildFile section */
		2D2905B088C4E601EE17AAB1 /* Pods_Mapsssss.framework in Frameworks */ = {isa = PBXBuildFile; fileRef = 11F3CEC51641C18A7AB3BF52 /* Pods_Mapsssss.framework */; };
		4C07A3001EDFF2430058F63F /* CoreLocation.framework in Frameworks */ = {isa = PBXBuildFile; fileRef = 4C07A2FF1EDFF2430058F63F /* CoreLocation.framework */; };
		4C07A3021EDFF4E60058F63F /* Map.swift in Sources */ = {isa = PBXBuildFile; fileRef = 4C07A3011EDFF4E60058F63F /* Map.swift */; };
		4C0BD0D21EDFEC0100580993 /* AppDelegate.swift in Sources */ = {isa = PBXBuildFile; fileRef = 4C0BD0D11EDFEC0100580993 /* AppDelegate.swift */; };
		4C0BD0D41EDFEC0100580993 /* ViewController.swift in Sources */ = {isa = PBXBuildFile; fileRef = 4C0BD0D31EDFEC0100580993 /* ViewController.swift */; };
		4C0BD0D71EDFEC0100580993 /* Main.storyboard in Resources */ = {isa = PBXBuildFile; fileRef = 4C0BD0D51EDFEC0100580993 /* Main.storyboard */; };
		4C0BD0D91EDFEC0100580993 /* Assets.xcassets in Resources */ = {isa = PBXBuildFile; fileRef = 4C0BD0D81EDFEC0100580993 /* Assets.xcassets */; };
		4C0BD0DC1EDFEC0100580993 /* LaunchScreen.storyboard in Resources */ = {isa = PBXBuildFile; fileRef = 4C0BD0DA1EDFEC0100580993 /* LaunchScreen.storyboard */; };
/* End PBXBuildFile section */

/* Begin PBXFileReference section */
		0BF9712DC5A2193128B32363 /* Pods-Mapsssss.release.xcconfig */ = {isa = PBXFileReference; includeInIndex = 1; lastKnownFileType = text.xcconfig; name = "Pods-Mapsssss.release.xcconfig"; path = "Pods/Target Support Files/Pods-Mapsssss/Pods-Mapsssss.release.xcconfig"; sourceTree = "<group>"; };
		11F3CEC51641C18A7AB3BF52 /* Pods_Mapsssss.framework */ = {isa = PBXFileReference; explicitFileType = wrapper.framework; includeInIndex = 0; path = Pods_Mapsssss.framework; sourceTree = BUILT_PRODUCTS_DIR; };
		1533BEB3115B13038E096F06 /* Pods-Mapsssss.debug.xcconfig */ = {isa = PBXFileReference; includeInIndex = 1; lastKnownFileType = text.xcconfig; name = "Pods-Mapsssss.debug.xcconfig"; path = "Pods/Target Support Files/Pods-Mapsssss/Pods-Mapsssss.debug.xcconfig"; sourceTree = "<group>"; };
		4C07A2FF1EDFF2430058F63F /* CoreLocation.framework */ = {isa = PBXFileReference; lastKnownFileType = wrapper.framework; name = CoreLocation.framework; path = System/Library/Frameworks/CoreLocation.framework; sourceTree = SDKROOT; };
		4C07A3011EDFF4E60058F63F /* Map.swift */ = {isa = PBXFileReference; fileEncoding = 4; lastKnownFileType = sourcecode.swift; path = Map.swift; sourceTree = "<group>"; };
		4C0BD0CE1EDFEC0100580993 /* Mapsssss.app */ = {isa = PBXFileReference; explicitFileType = wrapper.application; includeInIndex = 0; path = Mapsssss.app; sourceTree = BUILT_PRODUCTS_DIR; };
		4C0BD0D11EDFEC0100580993 /* AppDelegate.swift */ = {isa = PBXFileReference; lastKnownFileType = sourcecode.swift; path = AppDelegate.swift; sourceTree = "<group>"; };
		4C0BD0D31EDFEC0100580993 /* ViewController.swift */ = {isa = PBXFileReference; lastKnownFileType = sourcecode.swift; path = ViewController.swift; sourceTree = "<group>"; };
		4C0BD0D61EDFEC0100580993 /* Base */ = {isa = PBXFileReference; lastKnownFileType = file.storyboard; name = Base; path = Base.lproj/Main.storyboard; sourceTree = "<group>"; };
		4C0BD0D81EDFEC0100580993 /* Assets.xcassets */ = {isa = PBXFileReference; lastKnownFileType = folder.assetcatalog; path = Assets.xcassets; sourceTree = "<group>"; };
		4C0BD0DB1EDFEC0100580993 /* Base */ = {isa = PBXFileReference; lastKnownFileType = file.storyboard; name = Base; path = Base.lproj/LaunchScreen.storyboard; sourceTree = "<group>"; };
		4C0BD0DD1EDFEC0100580993 /* Info.plist */ = {isa = PBXFileReference; lastKnownFileType = text.plist.xml; path = Info.plist; sourceTree = "<group>"; };
/* End PBXFileReference section */

/* Begin PBXFrameworksBuildPhase section */
		4C0BD0CB1EDFEC0100580993 /* Frameworks */ = {
			isa = PBXFrameworksBuildPhase;
			buildActionMask = 2147483647;
			files = (
				4C07A3001EDFF2430058F63F /* CoreLocation.framework in Frameworks */,
				2D2905B088C4E601EE17AAB1 /* Pods_Mapsssss.framework in Frameworks */,
			);
			runOnlyForDeploymentPostprocessing = 0;
		};
/* End PBXFrameworksBuildPhase section */

/* Begin PBXGroup section */
		48713D0B5D0571857AF57AFB /* Pods */ = {
			isa = PBXGroup;
			children = (
				1533BEB3115B13038E096F06 /* Pods-Mapsssss.debug.xcconfig */,
				0BF9712DC5A2193128B32363 /* Pods-Mapsssss.release.xcconfig */,
			);
			name = Pods;
			sourceTree = "<group>";
		};
		4C0BD0C51EDFEC0100580993 = {
			isa = PBXGroup;
			children = (
				4C0BD0D01EDFEC0100580993 /* Mapsssss */,
				4C0BD0CF1EDFEC0100580993 /* Products */,
				48713D0B5D0571857AF57AFB /* Pods */,
				E2C6BFBFA51DC44159775B15 /* Frameworks */,
			);
			sourceTree = "<group>";
		};
		4C0BD0CF1EDFEC0100580993 /* Products */ = {
			isa = PBXGroup;
			children = (
				4C0BD0CE1EDFEC0100580993 /* Mapsssss.app */,
			);
			name = Products;
			sourceTree = "<group>";
		};
		4C0BD0D01EDFEC0100580993 /* Mapsssss */ = {
			isa = PBXGroup;
			children = (
				4C0BD0D11EDFEC0100580993 /* AppDelegate.swift */,
				4C0BD0D31EDFEC0100580993 /* ViewController.swift */,
				4C07A3011EDFF4E60058F63F /* Map.swift */,
				4C0BD0D51EDFEC0100580993 /* Main.storyboard */,
				4C0BD0D81EDFEC0100580993 /* Assets.xcassets */,
				4C0BD0DA1EDFEC0100580993 /* LaunchScreen.storyboard */,
				4C0BD0DD1EDFEC0100580993 /* Info.plist */,
			);
			path = Mapsssss;
			sourceTree = "<group>";
		};
		E2C6BFBFA51DC44159775B15 /* Frameworks */ = {
			isa = PBXGroup;
			children = (
				4C07A2FF1EDFF2430058F63F /* CoreLocation.framework */,
				11F3CEC51641C18A7AB3BF52 /* Pods_Mapsssss.framework */,
			);
			name = Frameworks;
			sourceTree = "<group>";
		};
/* End PBXGroup section */

/* Begin PBXNativeTarget section */
		4C0BD0CD1EDFEC0100580993 /* Mapsssss */ = {
			isa = PBXNativeTarget;
			buildConfigurationList = 4C0BD0E01EDFEC0100580993 /* Build configuration list for PBXNativeTarget "Mapsssss" */;
			buildPhases = (
				11DE6BD01A0BD6A1D6BA5DC3 /* [CP] Check Pods Manifest.lock */,
				4C0BD0CA1EDFEC0100580993 /* Sources */,
				4C0BD0CB1EDFEC0100580993 /* Frameworks */,
				4C0BD0CC1EDFEC0100580993 /* Resources */,
				4A84D8CEBB87B5818EDCF9D7 /* [CP] Embed Pods Frameworks */,
				B81E5A636ECF05BAE82DBC35 /* [CP] Copy Pods Resources */,
			);
			buildRules = (
			);
			dependencies = (
			);
			name = Mapsssss;
			productName = Mapsssss;
			productReference = 4C0BD0CE1EDFEC0100580993 /* Mapsssss.app */;
			productType = "com.apple.product-type.application";
		};
/* End PBXNativeTarget section */

/* Begin PBXProject section */
		4C0BD0C61EDFEC0100580993 /* Project object */ = {
			isa = PBXProject;
			attributes = {
				LastSwiftUpdateCheck = 0830;
				LastUpgradeCheck = 0830;
				ORGANIZATIONNAME = iFlame;
				TargetAttributes = {
					4C0BD0CD1EDFEC0100580993 = {
						CreatedOnToolsVersion = 8.3;
						ProvisioningStyle = Automatic;
					};
				};
			};
			buildConfigurationList = 4C0BD0C91EDFEC0100580993 /* Build configuration list for PBXProject "Mapsssss" */;
			compatibilityVersion = "Xcode 3.2";
			developmentRegion = English;
			hasScannedForEncodings = 0;
			knownRegions = (
				en,
				Base,
			);
			mainGroup = 4C0BD0C51EDFEC0100580993;
			productRefGroup = 4C0BD0CF1EDFEC0100580993 /* Products */;
			projectDirPath = "";
			projectRoot = "";
			targets = (
				4C0BD0CD1EDFEC0100580993 /* Mapsssss */,
			);
		};
/* End PBXProject section */

/* Begin PBXResourcesBuildPhase section */
		4C0BD0CC1EDFEC0100580993 /* Resources */ = {
			isa = PBXResourcesBuildPhase;
			buildActionMask = 2147483647;
			files = (
				4C0BD0DC1EDFEC0100580993 /* LaunchScreen.storyboard in Resources */,
				4C0BD0D91EDFEC0100580993 /* Assets.xcassets in Resources */,
				4C0BD0D71EDFEC0100580993 /* Main.storyboard in Resources */,
			);
			runOnlyForDeploymentPostprocessing = 0;
		};
/* End PBXResourcesBuildPhase section */

/* Begin PBXShellScriptBuildPhase section */
		11DE6BD01A0BD6A1D6BA5DC3 /* [CP] Check Pods Manifest.lock */ = {
			isa = PBXShellScriptBuildPhase;
			buildActionMask = 2147483647;
			files = (
			);
			inputPaths = (
			);
			name = "[CP] Check Pods Manifest.lock";
			outputPaths = (
			);
			runOnlyForDeploymentPostprocessing = 0;
			shellPath = /bin/sh;
			shellScript = "diff \"${PODS_PODFILE_DIR_PATH}/Podfile.lock\" \"${PODS_ROOT}/Manifest.lock\" > /dev/null\nif [ $? != 0 ] ; then\n    # print error to STDERR\n    echo \"error: The sandbox is not in sync with the Podfile.lock. Run 'pod install' or update your CocoaPods installation.\" >&2\n    exit 1\nfi\n";
			showEnvVarsInLog = 0;
		};
		4A84D8CEBB87B5818EDCF9D7 /* [CP] Embed Pods Frameworks */ = {
			isa = PBXShellScriptBuildPhase;
			buildActionMask = 2147483647;
			files = (
			);
			inputPaths = (
			);
			name = "[CP] Embed Pods Frameworks";
			outputPaths = (
			);
			runOnlyForDeploymentPostprocessing = 0;
			shellPath = /bin/sh;
			shellScript = "\"${SRCROOT}/Pods/Target Support Files/Pods-Mapsssss/Pods-Mapsssss-frameworks.sh\"\n";
			showEnvVarsInLog = 0;
		};
		B81E5A636ECF05BAE82DBC35 /* [CP] Copy Pods Resources */ = {
			isa = PBXShellScriptBuildPhase;
			buildActionMask = 2147483647;
			files = (
			);
			inputPaths = (
			);
			name = "[CP] Copy Pods Resources";
			outputPaths = (
			);
			runOnlyForDeploymentPostprocessing = 0;
			shellPath = /bin/sh;
			shellScript = "\"${SRCROOT}/Pods/Target Support Files/Pods-Mapsssss/Pods-Mapsssss-resources.sh\"\n";
			showEnvVarsInLog = 0;
		};
/* End PBXShellScriptBuildPhase section */

/* Begin PBXSourcesBuildPhase section */
		4C0BD0CA1EDFEC0100580993 /* Sources */ = {
			isa = PBXSourcesBuildPhase;
			buildActionMask = 2147483647;
			files = (
				4C0BD0D41EDFEC0100580993 /* ViewController.swift in Sources */,
				4C07A3021EDFF4E60058F63F /* Map.swift in Sources */,
				4C0BD0D21EDFEC0100580993 /* AppDelegate.swift in Sources */,
			);
			runOnlyForDeploymentPostprocessing = 0;
		};
/* End PBXSourcesBuildPhase section */

/* Begin PBXVariantGroup section */
		4C0BD0D51EDFEC0100580993 /* Main.storyboard */ = {
			isa = PBXVariantGroup;
			children = (
				4C0BD0D61EDFEC0100580993 /* Base */,
			);
			name = Main.storyboard;
			sourceTree = "<group>";
		};
		4C0BD0DA1EDFEC0100580993 /* LaunchScreen.storyboard */ = {
			isa = PBXVariantGroup;
			children = (
				4C0BD0DB1EDFEC0100580993 /* Base */,
			);
			name = LaunchScreen.storyboard;
			sourceTree = "<group>";
		};
/* End PBXVariantGroup section */

/* Begin XCBuildConfiguration section */
		4C0BD0DE1EDFEC0100580993 /* Debug */ = {
			isa = XCBuildConfiguration;
			buildSettings = {
				ALWAYS_SEARCH_USER_PATHS = NO;
				CLANG_ANALYZER_NONNULL = YES;
				CLANG_ANALYZER_NUMBER_OBJECT_CONVERSION = YES_AGGRESSIVE;
				CLANG_CXX_LANGUAGE_STANDARD = "gnu++0x";
				CLANG_CXX_LIBRARY = "libc++";
				CLANG_ENABLE_MODULES = YES;
				CLANG_ENABLE_OBJC_ARC = YES;
				CLANG_WARN_BOOL_CONVERSION = YES;
				CLANG_WARN_CONSTANT_CONVERSION = YES;
				CLANG_WARN_DIRECT_OBJC_ISA_USAGE = YES_ERROR;
				CLANG_WARN_DOCUMENTATION_COMMENTS = YES;
				CLANG_WARN_EMPTY_BODY = YES;
				CLANG_WARN_ENUM_CONVERSION = YES;
				CLANG_WARN_INFINITE_RECURSION = YES;
				CLANG_WARN_INT_CONVERSION = YES;
				CLANG_WARN_OBJC_ROOT_CLASS = YES_ERROR;
				CLANG_WARN_SUSPICIOUS_MOVE = YES;
				CLANG_WARN_UNREACHABLE_CODE = YES;
				CLANG_WARN__DUPLICATE_METHOD_MATCH = YES;
				"CODE_SIGN_IDENTITY[sdk=iphoneos*]" = "iPhone Developer";
				COPY_PHASE_STRIP = NO;
				DEBUG_INFORMATION_FORMAT = dwarf;
				ENABLE_STRICT_OBJC_MSGSEND = YES;
				ENABLE_TESTABILITY = YES;
				GCC_C_LANGUAGE_STANDARD = gnu99;
				GCC_DYNAMIC_NO_PIC = NO;
				GCC_NO_COMMON_BLOCKS = YES;
				GCC_OPTIMIZATION_LEVEL = 0;
				GCC_PREPROCESSOR_DEFINITIONS = (
					"DEBUG=1",
					"$(inherited)",
				);
				GCC_WARN_64_TO_32_BIT_CONVERSION = YES;
				GCC_WARN_ABOUT_RETURN_TYPE = YES_ERROR;
				GCC_WARN_UNDECLARED_SELECTOR = YES;
				GCC_WARN_UNINITIALIZED_AUTOS = YES_AGGRESSIVE;
				GCC_WARN_UNUSED_FUNCTION = YES;
				GCC_WARN_UNUSED_VARIABLE = YES;
				IPHONEOS_DEPLOYMENT_TARGET = 10.3;
				MTL_ENABLE_DEBUG_INFO = YES;
				ONLY_ACTIVE_ARCH = YES;
				SDKROOT = iphoneos;
				SWIFT_ACTIVE_COMPILATION_CONDITIONS = DEBUG;
				SWIFT_OPTIMIZATION_LEVEL = "-Onone";
			};
			name = Debug;
		};
		4C0BD0DF1EDFEC0100580993 /* Release */ = {
			isa = XCBuildConfiguration;
			buildSettings = {
				ALWAYS_SEARCH_USER_PATHS = NO;
				CLANG_ANALYZER_NONNULL = YES;
				CLANG_ANALYZER_NUMBER_OBJECT_CONVERSION = YES_AGGRESSIVE;
				CLANG_CXX_LANGUAGE_STANDARD = "gnu++0x";
				CLANG_CXX_LIBRARY = "libc++";
				CLANG_ENABLE_MODULES = YES;
				CLANG_ENABLE_OBJC_ARC = YES;
				CLANG_WARN_BOOL_CONVERSION = YES;
				CLANG_WARN_CONSTANT_CONVERSION = YES;
				CLANG_WARN_DIRECT_OBJC_ISA_USAGE = YES_ERROR;
				CLANG_WARN_DOCUMENTATION_COMMENTS = YES;
				CLANG_WARN_EMPTY_BODY = YES;
				CLANG_WARN_ENUM_CONVERSION = YES;
				CLANG_WARN_INFINITE_RECURSION = YES;
				CLANG_WARN_INT_CONVERSION = YES;
				CLANG_WARN_OBJC_ROOT_CLASS = YES_ERROR;
				CLANG_WARN_SUSPICIOUS_MOVE = YES;
				CLANG_WARN_UNREACHABLE_CODE = YES;
				CLANG_WARN__DUPLICATE_METHOD_MATCH = YES;
				"CODE_SIGN_IDENTITY[sdk=iphoneos*]" = "iPhone Developer";
				COPY_PHASE_STRIP = NO;
				DEBUG_INFORMATION_FORMAT = "dwarf-with-dsym";
				ENABLE_NS_ASSERTIONS = NO;
				ENABLE_STRICT_OBJC_MSGSEND = YES;
				GCC_C_LANGUAGE_STANDARD = gnu99;
				GCC_NO_COMMON_BLOCKS = YES;
				GCC_WARN_64_TO_32_BIT_CONVERSION = YES;
				GCC_WARN_ABOUT_RETURN_TYPE = YES_ERROR;
				GCC_WARN_UNDECLARED_SELECTOR = YES;
				GCC_WARN_UNINITIALIZED_AUTOS = YES_AGGRESSIVE;
				GCC_WARN_UNUSED_FUNCTION = YES;
				GCC_WARN_UNUSED_VARIABLE = YES;
				IPHONEOS_DEPLOYMENT_TARGET = 10.3;
				MTL_ENABLE_DEBUG_INFO = NO;
				SDKROOT = iphoneos;
				SWIFT_OPTIMIZATION_LEVEL = "-Owholemodule";
				VALIDATE_PRODUCT = YES;
			};
			name = Release;
		};
		4C0BD0E11EDFEC0100580993 /* Debug */ = {
			isa = XCBuildConfiguration;
			baseConfigurationReference = 1533BEB3115B13038E096F06 /* Pods-Mapsssss.debug.xcconfig */;
			buildSettings = {
				ASSETCATALOG_COMPILER_APPICON_NAME = AppIcon;
				INFOPLIST_FILE = Mapsssss/Info.plist;
				LD_RUNPATH_SEARCH_PATHS = "$(inherited) @executable_path/Frameworks";
				PRODUCT_BUNDLE_IDENTIFIER = com.iFlame.Mapsssss;
				PRODUCT_NAME = "$(TARGET_NAME)";
				SWIFT_VERSION = 3.0;
			};
			name = Debug;
		};
		4C0BD0E21EDFEC0100580993 /* Release */ = {
			isa = XCBuildConfiguration;
			baseConfigurationReference = 0BF9712DC5A2193128B32363 /* Pods-Mapsssss.release.xcconfig */;
			buildSettings = {
				ASSETCATALOG_COMPILER_APPICON_NAME = AppIcon;
				INFOPLIST_FILE = Mapsssss/Info.plist;
				LD_RUNPATH_SEARCH_PATHS = "$(inherited) @executable_path/Frameworks";
				PRODUCT_BUNDLE_IDENTIFIER = com.iFlame.Mapsssss;
				PRODUCT_NAME = "$(TARGET_NAME)";
				SWIFT_VERSION = 3.0;
			};
			name = Release;
		};
/* End XCBuildConfiguration section */

/* Begin XCConfigurationList section */
		4C0BD0C91EDFEC0100580993 /* Build configuration list for PBXProject "Mapsssss" */ = {
			isa = XCConfigurationList;
			buildConfigurations = (
				4C0BD0DE1EDFEC0100580993 /* Debug */,
				4C0BD0DF1EDFEC0100580993 /* Release */,
			);
			defaultConfigurationIsVisible = 0;
			defaultConfigurationName = Release;
		};
		4C0BD0E01EDFEC0100580993 /* Build configuration list for PBXNativeTarget "Mapsssss" */ = {
			isa = XCConfigurationList;
			buildConfigurations = (
				4C0BD0E11EDFEC0100580993 /* Debug */,
				4C0BD0E21EDFEC0100580993 /* Release */,
			);
			defaultConfigurationIsVisible = 0;
			defaultConfigurationName = Release;
		};
/* End XCConfigurationList section */
	};
	rootObject = 4C0BD0C61EDFEC0100580993 /* Project object */;
}
